# This file is automatically @generated by Cargo.
# It is not intended for manual editing.
version = 4

[[package]]
name = "autocfg"
version = "1.4.0"
source = "registry+https://github.com/rust-lang/crates.io-index"
checksum = "ace50bade8e6234aa140d9a2f552bbee1db4d353f69b8217bc503490fc1a9f26"

[[package]]
name = "az"
version = "1.2.1"
source = "registry+https://github.com/rust-lang/crates.io-index"
checksum = "7b7e4c2464d97fe331d41de9d5db0def0a96f4d823b8b32a2efd503578988973"

[[package]]
name = "bit_field"
version = "0.10.2"
source = "registry+https://github.com/rust-lang/crates.io-index"
checksum = "dc827186963e592360843fb5ba4b973e145841266c1357f7180c43526f2e5b61"

[[package]]
name = "bitflags"
version = "1.3.2"
source = "registry+https://github.com/rust-lang/crates.io-index"
checksum = "bef38d45163c2f1dde094a7dfd33ccf595c92905c8f8f4fdc18d06fb1037718a"

[[package]]
name = "bitflags"
version = "2.9.1"
source = "registry+https://github.com/rust-lang/crates.io-index"
checksum = "1b8e56985ec62d17e9c1001dc89c88ecd7dc08e47eba5ec7c29c7b5eeecde967"

[[package]]
name = "bootloader-boot-config"
version = "0.11.10"
source = "registry+https://github.com/rust-lang/crates.io-index"
checksum = "8a4ff46e7fd938aa06b17d44dce17f605105da3df01b1ae8a7f02d248c9b12f6"
dependencies = [
 "serde",
]

[[package]]
name = "bootloader-x86_64-common"
version = "0.11.10"
source = "registry+https://github.com/rust-lang/crates.io-index"
checksum = "852ffb13d08a29cd9d3b73061905bb43680de52b339aaed75a8f039b3a38269d"
dependencies = [
 "bootloader-boot-config",
 "bootloader_api",
 "conquer-once 0.3.2",
 "log",
 "noto-sans-mono-bitmap",
 "rand",
 "rand_hc",
 "raw-cpuid",
 "spinning_top",
 "uart_16550 0.2.19",
 "usize_conversions",
 "x86_64 0.15.2",
 "xmas-elf",
]

[[package]]
name = "bootloader_api"
version = "0.11.10"
source = "registry+https://github.com/rust-lang/crates.io-index"
checksum = "77fadafc2a2fa690f4f14a2e2a41c65d9e810b7fe959245bdf6d3b9c6d7e4bf1"

[[package]]
name = "byteorder"
version = "1.5.0"
source = "registry+https://github.com/rust-lang/crates.io-index"
checksum = "1fd0f2584146f6f2ef48085050886acf353beff7305ebd1ae69500e27c67f64b"

[[package]]
name = "conquer-once"
version = "0.3.2"
source = "registry+https://github.com/rust-lang/crates.io-index"
checksum = "7c6d3a9775a69f6d1fe2cc888999b67ed30257d3da4d2af91984e722f2ec918a"
dependencies = [
 "conquer-util",
]

[[package]]
name = "conquer-once"
version = "0.4.0"
source = "registry+https://github.com/rust-lang/crates.io-index"
checksum = "5d008a441c0f269f36ca13712528069a86a3e60dffee1d98b976eb3b0b2160b4"
dependencies = [
 "conquer-util",
]

[[package]]
name = "conquer-util"
version = "0.3.0"
source = "registry+https://github.com/rust-lang/crates.io-index"
checksum = "e763eef8846b13b380f37dfecda401770b0ca4e56e95170237bd7c25c7db3582"

[[package]]
name = "crossbeam-queue"
version = "0.3.12"
source = "registry+https://github.com/rust-lang/crates.io-index"
checksum = "0f58bbc28f91df819d0aa2a2c00cd19754769c2fad90579b3592b1c9ba7a3115"
dependencies = [
 "crossbeam-utils",
]

[[package]]
name = "crossbeam-utils"
version = "0.8.21"
source = "registry+https://github.com/rust-lang/crates.io-index"
checksum = "d0a5c400df2834b80a4c3327b3aad3a4c4cd4de0629063962b03235697506a28"

[[package]]
name = "embedded-graphics"
version = "0.8.1"
source = "registry+https://github.com/rust-lang/crates.io-index"
checksum = "0649998afacf6d575d126d83e68b78c0ab0e00ca2ac7e9b3db11b4cbe8274ef0"
dependencies = [
 "az",
 "byteorder",
 "embedded-graphics-core",
 "float-cmp",
 "micromath",
]

[[package]]
name = "embedded-graphics-core"
version = "0.4.0"
source = "registry+https://github.com/rust-lang/crates.io-index"
checksum = "ba9ecd261f991856250d2207f6d8376946cd9f412a2165d3b75bc87a0bc7a044"
dependencies = [
 "az",
 "byteorder",
]

[[package]]
name = "float-cmp"
version = "0.9.0"
source = "registry+https://github.com/rust-lang/crates.io-index"
checksum = "98de4bbd547a563b716d8dfa9aad1cb19bfab00f4fa09a6a4ed21dbcf44ce9c4"
dependencies = [
 "num-traits",
]

[[package]]
name = "futures-core"
version = "0.3.31"
source = "registry+https://github.com/rust-lang/crates.io-index"
checksum = "05f29059c0c2090612e8d742178b0580d2dc940c837851ad723096f87af6663e"

[[package]]
name = "futures-task"
version = "0.3.31"
source = "registry+https://github.com/rust-lang/crates.io-index"
checksum = "f90f7dce0722e95104fcb095585910c0977252f286e354b5e3bd38902cd99988"

[[package]]
name = "futures-util"
version = "0.3.31"
source = "registry+https://github.com/rust-lang/crates.io-index"
checksum = "9fa08315bb612088cc391249efdc3bc77536f16c91f6cf495e6fbe85b20a4a81"
dependencies = [
 "futures-core",
 "futures-task",
 "pin-project-lite",
 "pin-utils",
]

[[package]]
name = "lazy_static"
version = "1.5.0"
source = "registry+https://github.com/rust-lang/crates.io-index"
checksum = "bbd2bcb4c963f2ddae06a2efc7e9f3591312473c50c6685e1f298068316e66fe"
dependencies = [
 "spin 0.9.8",
]

[[package]]
name = "limine"
version = "0.4.0"
source = "registry+https://github.com/rust-lang/crates.io-index"
checksum = "6e6cb7fd182815ec1ea9e26061418ac37c3eebea47a14e773c563533f277bcef"
dependencies = [
 "bitflags 2.9.1",
]

[[package]]
name = "linked_list_allocator"
version = "0.10.5"
source = "registry+https://github.com/rust-lang/crates.io-index"
checksum = "9afa463f5405ee81cdb9cc2baf37e08ec7e4c8209442b5d72c04cfb2cd6e6286"
dependencies = [
 "spinning_top",
]

[[package]]
name = "lock_api"
version = "0.4.13"
source = "registry+https://github.com/rust-lang/crates.io-index"
checksum = "96936507f153605bddfcda068dd804796c84324ed2510809e5b2a624c81da765"
dependencies = [
 "autocfg",
 "scopeguard",
]

[[package]]
name = "log"
version = "0.4.27"
source = "registry+https://github.com/rust-lang/crates.io-index"
checksum = "13dc2df351e3202783a1fe0d44375f7295ffb4049267b0f3018346dc122a1d94"

[[package]]
name = "micromath"
version = "2.1.0"
source = "registry+https://github.com/rust-lang/crates.io-index"
checksum = "c3c8dda44ff03a2f238717214da50f65d5a53b45cd213a7370424ffdb6fae815"

[[package]]
name = "noto-sans-mono-bitmap"
version = "0.2.0"
source = "registry+https://github.com/rust-lang/crates.io-index"
checksum = "a27daf9557165efe1d09b52f97393bf6283cadb0a76fbe64a1061e15553a994a"

[[package]]
name = "num-traits"
version = "0.2.19"
source = "registry+https://github.com/rust-lang/crates.io-index"
checksum = "071dfc062690e90b734c0b2273ce72ad0ffa95f0c74596bc250dcfd960262841"
dependencies = [
 "autocfg",
]

[[package]]
name = "pc-keyboard"
version = "0.8.0"
source = "registry+https://github.com/rust-lang/crates.io-index"
checksum = "f0ca629cbb3f0d5b699c338f0129ff78c9bfd7ea8b1258ad529bff490dc8ed5a"

[[package]]
name = "pic8259"
version = "0.11.0"
source = "registry+https://github.com/rust-lang/crates.io-index"
checksum = "62d9a86c292b165f757e47e7fd66855def189b2564609bc4203727b27c33db22"
dependencies = [
 "x86_64 0.15.2",
]

[[package]]
name = "pin-project-lite"
version = "0.2.16"
source = "registry+https://github.com/rust-lang/crates.io-index"
checksum = "3b3cff922bd51709b605d9ead9aa71031d81447142d828eb4a6eba76fe619f9b"

[[package]]
name = "pin-utils"
version = "0.1.0"
source = "registry+https://github.com/rust-lang/crates.io-index"
checksum = "8b870d8c151b6f2fb93e84a13146138f05d02ed11c7e7c54f8826aaaf7c9f184"

[[package]]
name = "popcorn"
version = "0.1.0"
dependencies = [
 "bootloader-x86_64-common",
 "bootloader_api",
 "conquer-once 0.4.0",
 "crossbeam-queue",
 "embedded-graphics",
 "futures-util",
 "lazy_static",
 "limine",
 "linked_list_allocator",
 "log",
 "pc-keyboard",
 "pic8259",
 "spin 0.10.0",
 "uart_16550 0.3.2",
 "x86_64 0.15.2",
]

[[package]]
name = "proc-macro2"
version = "1.0.95"
source = "registry+https://github.com/rust-lang/crates.io-index"
checksum = "02b3e5e68a3a1a02aad3ec490a98007cbc13c37cbe84a3cd7b8e406d76e7f778"
dependencies = [
 "unicode-ident",
]

[[package]]
name = "quote"
version = "1.0.40"
source = "registry+https://github.com/rust-lang/crates.io-index"
checksum = "1885c039570dc00dcb4ff087a89e185fd56bae234ddc7f056a945bf36467248d"
dependencies = [
 "proc-macro2",
]

[[package]]
name = "rand"
version = "0.8.5"
source = "registry+https://github.com/rust-lang/crates.io-index"
checksum = "34af8d1a0e25924bc5b7c43c079c942339d8f0a8b57c39049bef581b46327404"
dependencies = [
 "rand_core",
]

[[package]]
name = "rand_core"
version = "0.6.4"
source = "registry+https://github.com/rust-lang/crates.io-index"
checksum = "ec0be4795e2f6a28069bec0b5ff3e2ac9bafc99e6a9a7dc3547996c5c816922c"

[[package]]
name = "rand_hc"
version = "0.3.2"
source = "registry+https://github.com/rust-lang/crates.io-index"
checksum = "7b363d4f6370f88d62bf586c80405657bde0f0e1b8945d47d2ad59b906cb4f54"
dependencies = [
 "rand_core",
]

[[package]]
name = "raw-cpuid"
version = "10.7.0"
source = "registry+https://github.com/rust-lang/crates.io-index"
checksum = "6c297679cb867470fa8c9f67dbba74a78d78e3e98d7cf2b08d6d71540f797332"
dependencies = [
 "bitflags 1.3.2",
]

[[package]]
name = "rustversion"
version = "1.0.21"
source = "registry+https://github.com/rust-lang/crates.io-index"
checksum = "8a0d197bd2c9dc6e53b84da9556a69ba4cdfab8619eb41a8bd1cc2027a0f6b1d"

[[package]]
name = "scopeguard"
version = "1.2.0"
source = "registry+https://github.com/rust-lang/crates.io-index"
checksum = "94143f37725109f92c262ed2cf5e59bce7498c01bcc1502d7b9afe439a4e9f49"

[[package]]
name = "serde"
version = "1.0.219"
source = "registry+https://github.com/rust-lang/crates.io-index"
checksum = "5f0e2c6ed6606019b4e29e69dbaba95b11854410e5347d525002456dbbb786b6"
dependencies = [
 "serde_derive",
]

[[package]]
name = "serde_derive"
version = "1.0.219"
source = "registry+https://github.com/rust-lang/crates.io-index"
checksum = "5b0276cf7f2c73365f7157c8123c21cd9a50fbbd844757af28ca1f5925fc2a00"
dependencies = [
 "proc-macro2",
 "quote",
 "syn",
]

[[package]]
name = "spin"
version = "0.9.8"
source = "registry+https://github.com/rust-lang/crates.io-index"
checksum = "6980e8d7511241f8acf4aebddbb1ff938df5eebe98691418c4468d0b72a96a67"

[[package]]
name = "spin"
version = "0.10.0"
source = "registry+https://github.com/rust-lang/crates.io-index"
checksum = "d5fe4ccb98d9c292d56fec89a5e07da7fc4cf0dc11e156b41793132775d3e591"
dependencies = [
 "lock_api",
]

[[package]]
name = "spinning_top"
version = "0.2.5"
source = "registry+https://github.com/rust-lang/crates.io-index"
checksum = "5b9eb1a2f4c41445a3a0ff9abc5221c5fcd28e1f13cd7c0397706f9ac938ddb0"
dependencies = [
 "lock_api",
]

[[package]]
name = "syn"
version = "2.0.101"
source = "registry+https://github.com/rust-lang/crates.io-index"
checksum = "8ce2b7fc941b3a24138a0a7cf8e858bfc6a992e7978a068a5c760deb0ed43caf"
dependencies = [
 "proc-macro2",
 "quote",
 "unicode-ident",
]

[[package]]
name = "uart_16550"
version = "0.2.19"
source = "registry+https://github.com/rust-lang/crates.io-index"
checksum = "614ff2a87880d4bd4374722268598a970bbad05ced8bf630439417347254ab2e"
dependencies = [
 "bitflags 1.3.2",
 "rustversion",
 "x86_64 0.14.13",
]

[[package]]
name = "uart_16550"
version = "0.3.2"
source = "registry+https://github.com/rust-lang/crates.io-index"
checksum = "e492212ac378a5e00da953718dafb1340d9fbaf4f27d6f3c5cab03d931d1c049"
dependencies = [
 "bitflags 2.9.1",
 "rustversion",
 "x86",
]

[[package]]
name = "unicode-ident"
version = "1.0.18"
source = "registry+https://github.com/rust-lang/crates.io-index"
checksum = "5a5f39404a5da50712a4c1eecf25e90dd62b613502b7e925fd4e4d19b5c96512"

[[package]]
name = "usize_conversions"
version = "0.2.0"
source = "registry+https://github.com/rust-lang/crates.io-index"
checksum = "f70329e2cbe45d6c97a5112daad40c34cd9a4e18edb5a2a18fefeb584d8d25e5"

[[package]]
name = "volatile"
version = "0.4.6"
source = "registry+https://github.com/rust-lang/crates.io-index"
checksum = "442887c63f2c839b346c192d047a7c87e73d0689c9157b00b53dcc27dd5ea793"

[[package]]
name = "x86"
version = "0.52.0"
source = "registry+https://github.com/rust-lang/crates.io-index"
checksum = "2781db97787217ad2a2845c396a5efe286f87467a5810836db6d74926e94a385"
dependencies = [
 "bit_field",
 "bitflags 1.3.2",
 "raw-cpuid",
]

[[package]]
name = "x86_64"
version = "0.14.13"
source = "registry+https://github.com/rust-lang/crates.io-index"
checksum = "c101112411baafbb4bf8d33e4c4a80ab5b02d74d2612331c61e8192fc9710491"
dependencies = [
 "bit_field",
 "bitflags 2.9.1",
 "rustversion",
 "volatile",
]

[[package]]
name = "x86_64"
version = "0.15.2"
source = "registry+https://github.com/rust-lang/crates.io-index"
checksum = "0f042214de98141e9c8706e8192b73f56494087cc55ebec28ce10f26c5c364ae"
dependencies = [
 "bit_field",
 "bitflags 2.9.1",
 "rustversion",
 "volatile",
]

[[package]]
name = "xmas-elf"
version = "0.8.0"
source = "registry+https://github.com/rust-lang/crates.io-index"
checksum = "8d29b4d8e7beaceb4e77447ba941a7600d23d0319ab52da0461abea214832d5a"
dependencies = [
 "zero",
]

[[package]]
name = "zero"
version = "0.1.3"
source = "registry+https://github.com/rust-lang/crates.io-index"
checksum = "2fe21bcc34ca7fe6dd56cc2cb1261ea59d6b93620215aefb5ea6032265527784"
